{
  "version": "5",
  "specifiers": {
    "jsr:@david/code-block-writer@^13.0.3": "13.0.3",
    "jsr:@deno/dnt@~0.43.2": "0.43.2",
    "jsr:@std/assert@^1.0.19": "1.0.19",
    "jsr:@std/fmt@1": "1.0.10",
    "jsr:@std/fs@1": "1.0.24",
    "jsr:@std/internal@^1.0.12": "1.0.14",
    "jsr:@std/internal@^1.0.14": "1.0.14",
    "jsr:@std/path@1": "1.1.6",
    "jsr:@std/path@^1.1.5": "1.1.6",
    "jsr:@ts-morph/bootstrap@0.29": "0.29.0",
    "jsr:@ts-morph/common@0.29": "0.29.0",
    "npm:mini-parse@0.6.41": "0.6.41",
    "npm:parjs@1.3.9": "1.3.9",
    "npm:parser-combinators@1.2.7": "1.2.7",
    "npm:peberminta@0.10.0": "0.10.0",
    "npm:tarsec@0.5.3": "0.5.3"
  },
  "jsr": {
    "@david/code-block-writer@13.0.3": {
      "integrity": "f98c77d320f5957899a61bfb7a9bead7c6d83ad1515daee92dbacc861e13bb7f"
    },
    "@deno/dnt@0.43.2": {
      "integrity": "8068703a782f389d9fcb4ead32809ca666d3b088262a23f1d9016cbc9af5d37f",
      "dependencies": [
        "jsr:@david/code-block-writer",
        "jsr:@std/fmt",
        "jsr:@std/fs",
        "jsr:@std/path@1",
        "jsr:@ts-morph/bootstrap"
      ]
    },
    "@std/assert@1.0.19": {
      "integrity": "eaada96ee120cb980bc47e040f82814d786fe8162ecc53c91d8df60b8755991e",
      "dependencies": [
        "jsr:@std/internal@^1.0.12"
      ]
    },
    "@std/fmt@1.0.10": {
      "integrity": "90dfba288802ac6de82fb31d0917eb9e4450b9925b954d5e51fc29ac07419db5"
    },
    "@std/fs@1.0.24": {
      "integrity": "f3061b45b81673a2bece689da041df32d174be064c89eb6397fb5718d3fb7877",
      "dependencies": [
        "jsr:@std/internal@^1.0.14",
        "jsr:@std/path@^1.1.5"
      ]
    },
    "@std/internal@1.0.14": {
      "integrity": "291516b3d4c35024d6ffbc0a9df5bf4c64116e05b50012cf846710152d2ffdf7"
    },
    "@std/path@1.1.6": {
      "integrity": "c68485c2a4dfbb5ae3cc74fae4e8c4e5d874cf8a8ed12927917235c758b46cbe",
      "dependencies": [
        "jsr:@std/internal@^1.0.14"
      ]
    },
    "@ts-morph/bootstrap@0.29.0": {
      "integrity": "69f9b1b42b03423308a9f623f924174181ef20f6f2a8771799f216f561b9b7a6",
      "dependencies": [
        "jsr:@ts-morph/common"
      ]
    },
    "@ts-morph/common@0.29.0": {
      "integrity": "14e8f44c5e4297628cf756aed071787dc026c493e36c1cc29ce49dc95e493f8f",
      "dependencies": [
        "jsr:@std/fs",
        "jsr:@std/path@1"
      ]
    }
  },
  "npm": {
    "char-info@0.3.6": {
      "integrity": "sha512-JskE1gqij+E0bHxs7hZt4h1xG3mvFntZGPn+jFWqImn2y/g53ugy/4J7/thcOCriiZFcLDFph4w+A0xbe2NFbg==",
      "dependencies": [
        "node-interval-tree"
      ]
    },
    "mini-parse@0.6.41": {
      "integrity": "sha512-XUQKrs2lzLXcJkyX6eIc0Bsa2nSURodYSgtPbO1SL4x6rVYmbK6v4DLqXfYIJMenas4WTn/bx5HmhjeYMS7H2g=="
    },
    "node-interval-tree@1.3.3": {
      "integrity": "sha512-K9vk96HdTK5fEipJwxSvIIqwTqr4e3HRJeJrNxBSeVMNSC/JWARRaX7etOLOuTmrRMeOI/K5TCJu3aWIwZiNTw==",
      "dependencies": [
        "shallowequal"
      ]
    },
    "parjs@1.3.9": {
      "integrity": "sha512-zmQhbzWM3M391tjwTGvNvvtoT8rRE/bBTjw6+54g8ANaPpnyekDF1d8q5tzN4kxmVud82cNj8zSd+uxSL4LE0A==",
      "dependencies": [
        "char-info"
      ]
    },
    "parser-combinators@1.2.7": {
      "integrity": "sha512-vjWYdpm20K3TqQaPtViLM+Y/5zgPZMiuyw1hlvKWKWphBnkslC3y2EeRzHTRk2TdW4giUbfCT5r8ktntUFP3yg=="
    },
    "peberminta@0.10.0": {
      "integrity": "sha512-80B2AsU+I4Qdb0ZAPSfe9UwvGzwkM37IKIFEvdS3D/3Ndgv2bsuJ0bfG1+iEYO+l7Gfd4EUJmuRyq7efLgRMzQ=="
    },
    "shallowequal@1.1.0": {
      "integrity": "sha512-y0m1JoUZSlPAjXVtPPW70aZWfIL/dSP7AFkRnniLCrK/8MDKog3TySTBmckD+RObVxH0v4Tox67+F14PdED2oQ=="
    },
    "tarsec@0.5.3": {
      "integrity": "sha512-JrOqwP0+raZ+YEktoB0OEM6kYGhTORcN95fWJtSN7sHKTNXoNBxF2KVHnXhb4x5fWHXOYPpsveUVoZiyEH36eQ=="
    }
  },
  "workspace": {
    "dependencies": [
      "jsr:@deno/dnt@~0.43.2",
      "jsr:@std/assert@^1.0.19",
      "npm:mini-parse@0.6.41",
      "npm:parjs@1.3.9",
      "npm:parser-combinators@1.2.7",
      "npm:peberminta@0.10.0",
      "npm:tarsec@0.5.3"
    ]
  }
}
